
Microsoft Visual Studio Solution File, Format Version 12.00
# Visual Studio 14
VisualStudioVersion = 14.0.25123.0
MinimumVisualStudioVersion = 10.0.40219.1
Project("{FAE04EC0-301F-11D3-BF4B-00C04F79EFBC}") = "Representation of functions", "Representation of functions\Representation of functions.csproj", "{98618857-F0CA-4F3E-84FD-66A3F7E0856E}"
EndProject
Global
	GlobalSection(SolutionConfigurationPlatforms) = preSolution
		Debug|Any CPU = Debug|Any CPU
		Release|Any CPU = Release|Any CPU
	EndGlobalSection
	GlobalSection(ProjectConfigurationPlatforms) = postSolution
		{98618857-F0CA-4F3E-84FD-66A3F7E0856E}.Debug|Any CPU.ActiveCfg = Debug|Any CPU
		{98618857-F0CA-4F3E-84FD-66A3F7E0856E}.Debug|Any CPU.Build.0 = Debug|Any CPU
		{98618857-F0CA-4F3E-84FD-66A3F7E0856E}.Release|Any CPU.ActiveCfg = Release|Any CPU
		{98618857-F0CA-4F3E-84FD-66A3F7E0856E}.Release|Any CPU.Build.0 = Release|Any CPU
	EndGlobalSection
	GlobalSection(SolutionProperties) = preSolution
		HideSolutionNode = FALSE
	EndGlobalSection
EndGlobal
